
Microsoft Visual Studio Solution File, Format Version 12.00
# Visual Studio Version 17
VisualStudioVersion = 17.14.36310.24
MinimumVisualStudioVersion = 10.0.40219.1
Project("{FAE04EC0-301F-11D3-BF4B-00C04F79EFBC}") = "SEMANA1", "SEMANA1\SEMANA1.csproj", "{04AD98B8-01B4-4521-B95E-8D070BC1F594}"
EndProject
Project("{888888A0-9F3D-457C-B088-3A5042F75D52}") = "SEMANA1_PYTHON", "SEMANA1_PYTHON\SEMANA1_PYTHON.pyproj", "{0FA98EBA-0A3D-4112-A880-65FB0C5D2F98}"
EndProject
Project("{FAE04EC0-301F-11D3-BF4B-00C04F79EFBC}") = "SEMANA4_C#", "SEMANA4_C#\SEMANA4_C#.csproj", "{A5F721E2-FE85-4FA5-B469-C2B3FE48356B}"
EndProject
Project("{888888A0-9F3D-457C-B088-3A5042F75D52}") = "SEMANA5_PY", "SEMANA5_PY\SEMANA5_PY.pyproj", "{9A2FA0B6-FCF6-47AE-8174-360E0FC794C0}"
EndProject
Project("{FAE04EC0-301F-11D3-BF4B-00C04F79EFBC}") = "SEMANA5_C#", "SEMANA5_C#\SEMANA5_C#.csproj", "{7EA3BC84-BB8F-408E-BC49-334B218177DE}"
EndProject
Project("{888888A0-9F3D-457C-B088-3A5042F75D52}") = "SEMANA6_PY", "SEMANA6_PY\SEMANA6_PY.pyproj", "{46BBBADA-A402-44C0-9DDB-61C39749C31C}"
EndProject
Project("{FAE04EC0-301F-11D3-BF4B-00C04F79EFBC}") = "SEMANA6_C#", "SEMANA6_C#\SEMANA6_C#.csproj", "{941A4274-6CC1-47AD-839E-69AF286F6445}"
EndProject
Project("{FAE04EC0-301F-11D3-BF4B-00C04F79EFBC}") = "SEMANA7_C#", "SEMANA7_C#\SEMANA7_C#.csproj", "{3997F713-7DC1-48F7-86E3-B765C00781C7}"
EndProject
Project("{888888A0-9F3D-457C-B088-3A5042F75D52}") = "SEMANA8_PY", "SEMANA8_PY\SEMANA8_PY.pyproj", "{BA33E2A1-83C5-495C-8AB2-A1A85410C626}"
EndProject
Global
	GlobalSection(SolutionConfigurationPlatforms) = preSolution
		Debug|Any CPU = Debug|Any CPU
		Release|Any CPU = Release|Any CPU
	EndGlobalSection
	GlobalSection(ProjectConfigurationPlatforms) = postSolution
		{04AD98B8-01B4-4521-B95E-8D070BC1F594}.Debug|Any CPU.ActiveCfg = Debug|Any CPU
		{04AD98B8-01B4-4521-B95E-8D070BC1F594}.Debug|Any CPU.Build.0 = Debug|Any CPU
		{04AD98B8-01B4-4521-B95E-8D070BC1F594}.Release|Any CPU.ActiveCfg = Release|Any CPU
		{04AD98B8-01B4-4521-B95E-8D070BC1F594}.Release|Any CPU.Build.0 = Release|Any CPU
		{0FA98EBA-0A3D-4112-A880-65FB0C5D2F98}.Debug|Any CPU.ActiveCfg = Debug|Any CPU
		{0FA98EBA-0A3D-4112-A880-65FB0C5D2F98}.Release|Any CPU.ActiveCfg = Release|Any CPU
		{A5F721E2-FE85-4FA5-B469-C2B3FE48356B}.Debug|Any CPU.ActiveCfg = Debug|Any CPU
		{A5F721E2-FE85-4FA5-B469-C2B3FE48356B}.Debug|Any CPU.Build.0 = Debug|Any CPU
		{A5F721E2-FE85-4FA5-B469-C2B3FE48356B}.Release|Any CPU.ActiveCfg = Release|Any CPU
		{A5F721E2-FE85-4FA5-B469-C2B3FE48356B}.Release|Any CPU.Build.0 = Release|Any CPU
		{9A2FA0B6-FCF6-47AE-8174-360E0FC794C0}.Debug|Any CPU.ActiveCfg = Debug|Any CPU
		{9A2FA0B6-FCF6-47AE-8174-360E0FC794C0}.Release|Any CPU.ActiveCfg = Release|Any CPU
		{7EA3BC84-BB8F-408E-BC49-334B218177DE}.Debug|Any CPU.ActiveCfg = Debug|Any CPU
		{7EA3BC84-BB8F-408E-BC49-334B218177DE}.Debug|Any CPU.Build.0 = Debug|Any CPU
		{7EA3BC84-BB8F-408E-BC49-334B218177DE}.Release|Any CPU.ActiveCfg = Release|Any CPU
		{7EA3BC84-BB8F-408E-BC49-334B218177DE}.Release|Any CPU.Build.0 = Release|Any CPU
		{46BBBADA-A402-44C0-9DDB-61C39749C31C}.Debug|Any CPU.ActiveCfg = Debug|Any CPU
		{46BBBADA-A402-44C0-9DDB-61C39749C31C}.Release|Any CPU.ActiveCfg = Release|Any CPU
		{941A4274-6CC1-47AD-839E-69AF286F6445}.Debug|Any CPU.ActiveCfg = Debug|Any CPU
		{941A4274-6CC1-47AD-839E-69AF286F6445}.Debug|Any CPU.Build.0 = Debug|Any CPU
		{941A4274-6CC1-47AD-839E-69AF286F6445}.Release|Any CPU.ActiveCfg = Release|Any CPU
		{941A4274-6CC1-47AD-839E-69AF286F6445}.Release|Any CPU.Build.0 = Release|Any CPU
		{3997F713-7DC1-48F7-86E3-B765C00781C7}.Debug|Any CPU.ActiveCfg = Debug|Any CPU
		{3997F713-7DC1-48F7-86E3-B765C00781C7}.Debug|Any CPU.Build.0 = Debug|Any CPU
		{3997F713-7DC1-48F7-86E3-B765C00781C7}.Release|Any CPU.ActiveCfg = Release|Any CPU
		{3997F713-7DC1-48F7-86E3-B765C00781C7}.Release|Any CPU.Build.0 = Release|Any CPU
		{BA33E2A1-83C5-495C-8AB2-A1A85410C626}.Debug|Any CPU.ActiveCfg = Debug|Any CPU
		{BA33E2A1-83C5-495C-8AB2-A1A85410C626}.Release|Any CPU.ActiveCfg = Release|Any CPU
	EndGlobalSection
	GlobalSection(SolutionProperties) = preSolution
		HideSolutionNode = FALSE
	EndGlobalSection
	GlobalSection(ExtensibilityGlobals) = postSolution
		SolutionGuid = {5E1C2AE2-1860-44D6-AFC4-B5CEBB8D392F}
	EndGlobalSection
EndGlobal
